
Microsoft Visual Studio Solution File, Format Version 12.00
Project("{2150E333-8FDC-42A3-9474-1A3956D46DE8}") = "src", "src", "{096FF4DC-2DCF-48C8-BFD0-897C0EEED12C}"
EndProject
Project("{2150E333-8FDC-42A3-9474-1A3956D46DE8}") = "test", "test", "{C6A22C70-0F09-468E-9239-DA3A78D74489}"
EndProject
Project("{FAE04EC0-301F-11D3-BF4B-00C04F79EFBC}") = "ConsoleApplication", "ConsoleApplication\ConsoleApplication.csproj", "{798F6AD2-B1D1-444E-ADC4-F00036253C56}"
EndProject
Project("{2150E333-8FDC-42A3-9474-1A3956D46DE8}") = "Presentation", "Presentation", "{1136F79B-C044-448A-B391-C91D8CF3ABCE}"
EndProject
Project("{2150E333-8FDC-42A3-9474-1A3956D46DE8}") = "Shared", "Shared", "{E9062C31-6B73-4763-A2F8-9F6B0A3694BC}"
EndProject
Project("{FAE04EC0-301F-11D3-BF4B-00C04F79EFBC}") = "Shared", "Shared\Shared.csproj", "{870DEC81-2F38-451F-9307-99940814CD84}"
EndProject
Project("{FAE04EC0-301F-11D3-BF4B-00C04F79EFBC}") = "ManagerTests", "ManagerTests\ManagerTests.csproj", "{017A6CC3-7D50-483E-AFD1-61820F168136}"
EndProject
Global
	GlobalSection(SolutionConfigurationPlatforms) = preSolution
		Debug|Any CPU = Debug|Any CPU
		Release|Any CPU = Release|Any CPU
	EndGlobalSection
	GlobalSection(NestedProjects) = preSolution
		{1136F79B-C044-448A-B391-C91D8CF3ABCE} = {096FF4DC-2DCF-48C8-BFD0-897C0EEED12C}
		{798F6AD2-B1D1-444E-ADC4-F00036253C56} = {1136F79B-C044-448A-B391-C91D8CF3ABCE}
		{E9062C31-6B73-4763-A2F8-9F6B0A3694BC} = {096FF4DC-2DCF-48C8-BFD0-897C0EEED12C}
		{870DEC81-2F38-451F-9307-99940814CD84} = {E9062C31-6B73-4763-A2F8-9F6B0A3694BC}
		{017A6CC3-7D50-483E-AFD1-61820F168136} = {C6A22C70-0F09-468E-9239-DA3A78D74489}
	EndGlobalSection
	GlobalSection(ProjectConfigurationPlatforms) = postSolution
		{798F6AD2-B1D1-444E-ADC4-F00036253C56}.Debug|Any CPU.ActiveCfg = Debug|Any CPU
		{798F6AD2-B1D1-444E-ADC4-F00036253C56}.Debug|Any CPU.Build.0 = Debug|Any CPU
		{798F6AD2-B1D1-444E-ADC4-F00036253C56}.Release|Any CPU.ActiveCfg = Release|Any CPU
		{798F6AD2-B1D1-444E-ADC4-F00036253C56}.Release|Any CPU.Build.0 = Release|Any CPU
		{870DEC81-2F38-451F-9307-99940814CD84}.Debug|Any CPU.ActiveCfg = Debug|Any CPU
		{870DEC81-2F38-451F-9307-99940814CD84}.Debug|Any CPU.Build.0 = Debug|Any CPU
		{870DEC81-2F38-451F-9307-99940814CD84}.Release|Any CPU.ActiveCfg = Release|Any CPU
		{870DEC81-2F38-451F-9307-99940814CD84}.Release|Any CPU.Build.0 = Release|Any CPU
		{017A6CC3-7D50-483E-AFD1-61820F168136}.Debug|Any CPU.ActiveCfg = Debug|Any CPU
		{017A6CC3-7D50-483E-AFD1-61820F168136}.Debug|Any CPU.Build.0 = Debug|Any CPU
		{017A6CC3-7D50-483E-AFD1-61820F168136}.Release|Any CPU.ActiveCfg = Release|Any CPU
		{017A6CC3-7D50-483E-AFD1-61820F168136}.Release|Any CPU.Build.0 = Release|Any CPU
	EndGlobalSection
EndGlobal
